
Microsoft Visual Studio Solution File, Format Version 12.00
# Visual Studio 14
VisualStudioVersion = 14.0.23107.0
MinimumVisualStudioVersion = 10.0.40219.1
Project("{FAE04EC0-301F-11D3-BF4B-00C04F79EFBC}") = "ThreadStartStop", "ThreadStartStop\ThreadStartStop.csproj", "{61541988-92F2-4E1B-A546-5F4845C84527}"
EndProject
Project("{FAE04EC0-301F-11D3-BF4B-00C04F79EFBC}") = "AsynchronousDelegates", "AsynchronousDelegates\AsynchronousDelegates.csproj", "{F288158C-486C-4ABA-9A85-75C49B404221}"
EndProject
Project("{FAE04EC0-301F-11D3-BF4B-00C04F79EFBC}") = "BackgroundThread", "BackgroundThread\BackgroundThread.csproj", "{33FDBD22-BDF6-424F-BA37-F1D9C249FC4E}"
EndProject
Global
	GlobalSection(SolutionConfigurationPlatforms) = preSolution
		Debug|Any CPU = Debug|Any CPU
		Release|Any CPU = Release|Any CPU
	EndGlobalSection
	GlobalSection(ProjectConfigurationPlatforms) = postSolution
		{61541988-92F2-4E1B-A546-5F4845C84527}.Debug|Any CPU.ActiveCfg = Debug|Any CPU
		{61541988-92F2-4E1B-A546-5F4845C84527}.Debug|Any CPU.Build.0 = Debug|Any CPU
		{61541988-92F2-4E1B-A546-5F4845C84527}.Release|Any CPU.ActiveCfg = Release|Any CPU
		{61541988-92F2-4E1B-A546-5F4845C84527}.Release|Any CPU.Build.0 = Release|Any CPU
		{F288158C-486C-4ABA-9A85-75C49B404221}.Debug|Any CPU.ActiveCfg = Debug|Any CPU
		{F288158C-486C-4ABA-9A85-75C49B404221}.Debug|Any CPU.Build.0 = Debug|Any CPU
		{F288158C-486C-4ABA-9A85-75C49B404221}.Release|Any CPU.ActiveCfg = Release|Any CPU
		{F288158C-486C-4ABA-9A85-75C49B404221}.Release|Any CPU.Build.0 = Release|Any CPU
		{33FDBD22-BDF6-424F-BA37-F1D9C249FC4E}.Debug|Any CPU.ActiveCfg = Debug|Any CPU
		{33FDBD22-BDF6-424F-BA37-F1D9C249FC4E}.Debug|Any CPU.Build.0 = Debug|Any CPU
		{33FDBD22-BDF6-424F-BA37-F1D9C249FC4E}.Release|Any CPU.ActiveCfg = Release|Any CPU
		{33FDBD22-BDF6-424F-BA37-F1D9C249FC4E}.Release|Any CPU.Build.0 = Release|Any CPU
	EndGlobalSection
	GlobalSection(SolutionProperties) = preSolution
		HideSolutionNode = FALSE
	EndGlobalSection
EndGlobal
